
Microsoft Visual Studio Solution File, Format Version 12.00
# Visual Studio Version 17
VisualStudioVersion = 17.5.33424.131
MinimumVisualStudioVersion = 10.0.40219.1
Project("{9A19103F-16F7-4668-BE54-9A1E7A4F7556}") = "GameSalesSimulation", "video5_odev5\GameSalesSimulation.csproj", "{BE9486B2-FE49-457F-8B77-07F4C746D233}"
EndProject
Global
	GlobalSection(SolutionConfigurationPlatforms) = preSolution
		Debug|Any CPU = Debug|Any CPU
		Release|Any CPU = Release|Any CPU
	EndGlobalSection
	GlobalSection(ProjectConfigurationPlatforms) = postSolution
		{BE9486B2-FE49-457F-8B77-07F4C746D233}.Debug|Any CPU.ActiveCfg = Debug|Any CPU
		{BE9486B2-FE49-457F-8B77-07F4C746D233}.Debug|Any CPU.Build.0 = Debug|Any CPU
		{BE9486B2-FE49-457F-8B77-07F4C746D233}.Release|Any CPU.ActiveCfg = Release|Any CPU
		{BE9486B2-FE49-457F-8B77-07F4C746D233}.Release|Any CPU.Build.0 = Release|Any CPU
	EndGlobalSection
	GlobalSection(SolutionProperties) = preSolution
		HideSolutionNode = FALSE
	EndGlobalSection
	GlobalSection(ExtensibilityGlobals) = postSolution
		SolutionGuid = {E87948B1-8853-44CD-AD80-F4E65FAFCBEA}
	EndGlobalSection
EndGlobal
